
Microsoft Visual Studio Solution File, Format Version 12.00
# Visual Studio Version 16
VisualStudioVersion = 16.0.30406.217
MinimumVisualStudioVersion = 10.0.40219.1
Project("{FAE04EC0-301F-11D3-BF4B-00C04F79EFBC}") = "SeniorDesign", "SeniorDesign\SeniorDesign.csproj", "{A95FC93A-C6BD-4BBC-8662-D4AFB7A888E6}"
EndProject
Global
	GlobalSection(SolutionConfigurationPlatforms) = preSolution
		Debug|Any CPU = Debug|Any CPU
		Release|Any CPU = Release|Any CPU
	EndGlobalSection
	GlobalSection(ProjectConfigurationPlatforms) = postSolution
		{A95FC93A-C6BD-4BBC-8662-D4AFB7A888E6}.Debug|Any CPU.ActiveCfg = Debug|Any CPU
		{A95FC93A-C6BD-4BBC-8662-D4AFB7A888E6}.Debug|Any CPU.Build.0 = Debug|Any CPU
		{A95FC93A-C6BD-4BBC-8662-D4AFB7A888E6}.Release|Any CPU.ActiveCfg = Release|Any CPU
		{A95FC93A-C6BD-4BBC-8662-D4AFB7A888E6}.Release|Any CPU.Build.0 = Release|Any CPU
	EndGlobalSection
	GlobalSection(SolutionProperties) = preSolution
		HideSolutionNode = FALSE
	EndGlobalSection
	GlobalSection(ExtensibilityGlobals) = postSolution
		SolutionGuid = {9E68240C-6D35-4753-9AB0-0D73EBE75323}
	EndGlobalSection
EndGlobal
